
Microsoft Visual Studio Solution File, Format Version 12.00
# Visual Studio 15
VisualStudioVersion = 15.0.28307.168
MinimumVisualStudioVersion = 10.0.40219.1
Project("{FAE04EC0-301F-11D3-BF4B-00C04F79EFBC}") = "TRMDataManger", "TRMDataManger\TRMDataManger.csproj", "{9EA7BE66-AC1C-4B38-980A-BC660AD2716C}"
EndProject
Project("{00D1A9C2-B5F0-4AF3-8072-F6C62B433612}") = "TRMData", "TRMData\TRMData.sqlproj", "{785F176A-8FB6-4356-AE33-178A61BEC699}"
EndProject
Project("{FAE04EC0-301F-11D3-BF4B-00C04F79EFBC}") = "TRMDesktopUI", "TRMDesktopUI\TRMDesktopUI.csproj", "{AE609A07-3775-4DAA-8342-D49E352B58F3}"
EndProject
Project("{FAE04EC0-301F-11D3-BF4B-00C04F79EFBC}") = "TRMDataManger.Library", "TRMDataManger.Library\TRMDataManger.Library.csproj", "{46E8D247-7EC1-45ED-B1AC-368E3CA04096}"
EndProject
Project("{FAE04EC0-301F-11D3-BF4B-00C04F79EFBC}") = "TRMDesktopUI.Library", "TRMDesktopUI.Library\TRMDesktopUI.Library.csproj", "{68A1922C-3704-427D-B503-31E4148C5138}"
EndProject
Project("{2150E333-8FDC-42A3-9474-1A3956D46DE8}") = "API", "API", "{EB6B5FB4-D811-4B18-8531-6D7EDEF6AA31}"
EndProject
Project("{2150E333-8FDC-42A3-9474-1A3956D46DE8}") = "Database", "Database", "{AD73DED3-7922-4DB6-B3D2-78815E600EBD}"
EndProject
Project("{2150E333-8FDC-42A3-9474-1A3956D46DE8}") = "UI", "UI", "{FFAB48A8-95FE-4506-B8C6-025DA15AA6F0}"
EndProject
Project("{2150E333-8FDC-42A3-9474-1A3956D46DE8}") = "Library", "Library", "{6EC7F3D9-51DC-44F5-88E8-78FC8A4DDE5E}"
EndProject
Project("{2150E333-8FDC-42A3-9474-1A3956D46DE8}") = "Library", "Library", "{3C92F048-08B1-4D39-961A-6CF77B61EF55}"
EndProject
Global
	GlobalSection(SolutionConfigurationPlatforms) = preSolution
		Debug|Any CPU = Debug|Any CPU
		Release|Any CPU = Release|Any CPU
	EndGlobalSection
	GlobalSection(ProjectConfigurationPlatforms) = postSolution
		{9EA7BE66-AC1C-4B38-980A-BC660AD2716C}.Debug|Any CPU.ActiveCfg = Debug|Any CPU
		{9EA7BE66-AC1C-4B38-980A-BC660AD2716C}.Debug|Any CPU.Build.0 = Debug|Any CPU
		{9EA7BE66-AC1C-4B38-980A-BC660AD2716C}.Release|Any CPU.ActiveCfg = Release|Any CPU
		{9EA7BE66-AC1C-4B38-980A-BC660AD2716C}.Release|Any CPU.Build.0 = Release|Any CPU
		{785F176A-8FB6-4356-AE33-178A61BEC699}.Debug|Any CPU.ActiveCfg = Debug|Any CPU
		{785F176A-8FB6-4356-AE33-178A61BEC699}.Debug|Any CPU.Build.0 = Debug|Any CPU
		{785F176A-8FB6-4356-AE33-178A61BEC699}.Debug|Any CPU.Deploy.0 = Debug|Any CPU
		{785F176A-8FB6-4356-AE33-178A61BEC699}.Release|Any CPU.ActiveCfg = Release|Any CPU
		{785F176A-8FB6-4356-AE33-178A61BEC699}.Release|Any CPU.Build.0 = Release|Any CPU
		{785F176A-8FB6-4356-AE33-178A61BEC699}.Release|Any CPU.Deploy.0 = Release|Any CPU
		{AE609A07-3775-4DAA-8342-D49E352B58F3}.Debug|Any CPU.ActiveCfg = Debug|Any CPU
		{AE609A07-3775-4DAA-8342-D49E352B58F3}.Debug|Any CPU.Build.0 = Debug|Any CPU
		{AE609A07-3775-4DAA-8342-D49E352B58F3}.Release|Any CPU.ActiveCfg = Release|Any CPU
		{AE609A07-3775-4DAA-8342-D49E352B58F3}.Release|Any CPU.Build.0 = Release|Any CPU
		{46E8D247-7EC1-45ED-B1AC-368E3CA04096}.Debug|Any CPU.ActiveCfg = Debug|Any CPU
		{46E8D247-7EC1-45ED-B1AC-368E3CA04096}.Debug|Any CPU.Build.0 = Debug|Any CPU
		{46E8D247-7EC1-45ED-B1AC-368E3CA04096}.Release|Any CPU.ActiveCfg = Release|Any CPU
		{46E8D247-7EC1-45ED-B1AC-368E3CA04096}.Release|Any CPU.Build.0 = Release|Any CPU
		{68A1922C-3704-427D-B503-31E4148C5138}.Debug|Any CPU.ActiveCfg = Debug|Any CPU
		{68A1922C-3704-427D-B503-31E4148C5138}.Debug|Any CPU.Build.0 = Debug|Any CPU
		{68A1922C-3704-427D-B503-31E4148C5138}.Release|Any CPU.ActiveCfg = Release|Any CPU
		{68A1922C-3704-427D-B503-31E4148C5138}.Release|Any CPU.Build.0 = Release|Any CPU
	EndGlobalSection
	GlobalSection(SolutionProperties) = preSolution
		HideSolutionNode = FALSE
	EndGlobalSection
	GlobalSection(NestedProjects) = preSolution
		{9EA7BE66-AC1C-4B38-980A-BC660AD2716C} = {EB6B5FB4-D811-4B18-8531-6D7EDEF6AA31}
		{785F176A-8FB6-4356-AE33-178A61BEC699} = {AD73DED3-7922-4DB6-B3D2-78815E600EBD}
		{AE609A07-3775-4DAA-8342-D49E352B58F3} = {FFAB48A8-95FE-4506-B8C6-025DA15AA6F0}
		{46E8D247-7EC1-45ED-B1AC-368E3CA04096} = {6EC7F3D9-51DC-44F5-88E8-78FC8A4DDE5E}
		{68A1922C-3704-427D-B503-31E4148C5138} = {3C92F048-08B1-4D39-961A-6CF77B61EF55}
		{6EC7F3D9-51DC-44F5-88E8-78FC8A4DDE5E} = {EB6B5FB4-D811-4B18-8531-6D7EDEF6AA31}
		{3C92F048-08B1-4D39-961A-6CF77B61EF55} = {FFAB48A8-95FE-4506-B8C6-025DA15AA6F0}
	EndGlobalSection
	GlobalSection(ExtensibilityGlobals) = postSolution
		SolutionGuid = {226D4CBF-7763-488C-A1BD-9ED9E514CBC7}
	EndGlobalSection
EndGlobal
